
Microsoft Visual Studio Solution File, Format Version 11.00
# Visual Studio 2010
Project("{FAE04EC0-301F-11D3-BF4B-00C04F79EFBC}") = "Assembly-CSharp", "Assembly-CSharp.csproj", "{bcf98efc-3c33-988c-29d8-83e01bd7ff74}"
EndProject
Project("{FAE04EC0-301F-11D3-BF4B-00C04F79EFBC}") = "FMODUnity", "FMODUnity.csproj", "{6205a27f-9235-2c11-32d1-14c7e062fb60}"
EndProject
Project("{FAE04EC0-301F-11D3-BF4B-00C04F79EFBC}") = "FMODUnityEditor", "FMODUnityEditor.csproj", "{c4ff02da-d478-31a7-d61f-96cc8907420d}"
EndProject
Project("{FAE04EC0-301F-11D3-BF4B-00C04F79EFBC}") = "FMODUnityResonanceEditor", "FMODUnityResonanceEditor.csproj", "{20242762-4c1d-4944-69b8-0d290d6f12f0}"
EndProject
Project("{FAE04EC0-301F-11D3-BF4B-00C04F79EFBC}") = "FMODUnityResonance", "FMODUnityResonance.csproj", "{94c969a9-6888-2541-3472-2df47c67b69b}"
EndProject
Global
	GlobalSection(SolutionConfigurationPlatforms) = preSolution
		Debug|Any CPU = Debug|Any CPU
	EndGlobalSection
	GlobalSection(ProjectConfigurationPlatforms) = postSolution
		{bcf98efc-3c33-988c-29d8-83e01bd7ff74}.Debug|Any CPU.ActiveCfg = Debug|Any CPU
		{bcf98efc-3c33-988c-29d8-83e01bd7ff74}.Debug|Any CPU.Build.0 = Debug|Any CPU
		{6205a27f-9235-2c11-32d1-14c7e062fb60}.Debug|Any CPU.ActiveCfg = Debug|Any CPU
		{6205a27f-9235-2c11-32d1-14c7e062fb60}.Debug|Any CPU.Build.0 = Debug|Any CPU
		{c4ff02da-d478-31a7-d61f-96cc8907420d}.Debug|Any CPU.ActiveCfg = Debug|Any CPU
		{c4ff02da-d478-31a7-d61f-96cc8907420d}.Debug|Any CPU.Build.0 = Debug|Any CPU
		{20242762-4c1d-4944-69b8-0d290d6f12f0}.Debug|Any CPU.ActiveCfg = Debug|Any CPU
		{20242762-4c1d-4944-69b8-0d290d6f12f0}.Debug|Any CPU.Build.0 = Debug|Any CPU
		{94c969a9-6888-2541-3472-2df47c67b69b}.Debug|Any CPU.ActiveCfg = Debug|Any CPU
		{94c969a9-6888-2541-3472-2df47c67b69b}.Debug|Any CPU.Build.0 = Debug|Any CPU
	EndGlobalSection
	GlobalSection(SolutionProperties) = preSolution
		HideSolutionNode = FALSE
	EndGlobalSection
EndGlobal
